<Solution>
  <Folder Name="/src/">
    <Project Path="src/YetAnotherOneCLauncher.Core/YetAnotherOneCLauncher.Core.csproj" />
    <Project Path="src/YetAnotherOneCLauncher.Platform/YetAnotherOneCLauncher.Platform.csproj" />
    <Project Path="src/YetAnotherOneCLauncher.App/YetAnotherOneCLauncher.App.csproj" />
  </Folder>
  <Folder Name="/tests/">
    <Project Path="tests/YetAnotherOneCLauncher.Core.Tests/YetAnotherOneCLauncher.Core.Tests.csproj" />
    <Project Path="tests/YetAnotherOneCLauncher.App.Tests/YetAnotherOneCLauncher.App.Tests.csproj" />
  </Folder>
  <Folder Name="/Solution Items/">
    <File Path="Directory.Build.props" />
    <File Path="Directory.Packages.props" />
    <File Path="global.json" />
    <File Path="README.md" />
    <File Path="docs/ROADMAP.md" />
  </Folder>
</Solution>
